
Microsoft Visual Studio Solution File, Format Version 12.00
Project("{FAE04EC0-301F-11D3-BF4B-00C04F79EFBC}") = "Dll2Sdk", "Dll2Sdk\Dll2Sdk.csproj", "{67C73AEE-0F9F-45BA-93A2-59A2ED0D1579}"
EndProject
Global
	GlobalSection(SolutionConfigurationPlatforms) = preSolution
		Debug|Any CPU = Debug|Any CPU
		Release|Any CPU = Release|Any CPU
	EndGlobalSection
	GlobalSection(ProjectConfigurationPlatforms) = postSolution
		{67C73AEE-0F9F-45BA-93A2-59A2ED0D1579}.Debug|Any CPU.ActiveCfg = Debug|Any CPU
		{67C73AEE-0F9F-45BA-93A2-59A2ED0D1579}.Debug|Any CPU.Build.0 = Debug|Any CPU
		{67C73AEE-0F9F-45BA-93A2-59A2ED0D1579}.Release|Any CPU.ActiveCfg = Release|Any CPU
		{67C73AEE-0F9F-45BA-93A2-59A2ED0D1579}.Release|Any CPU.Build.0 = Release|Any CPU
	EndGlobalSection
EndGlobal
